{
  "name": "@goroya.io/take-picture-example",
  "version": "1.0.0",
  "lockfileVersion": 1,
  "requires": true,
  "dependencies": {
    "@goroya.io/theta-api-client": {
      "version": "0.0.1",
      "resolved": "https://registry.npmjs.org/@goroya.io/theta-api-client/-/theta-api-client-0.0.1.tgz",
      "integrity": "sha512-TIzWVLVGu0t52TqjlnbbeC01DB3Mk30//Ph7sgE3RD5PoueD1xqSufjBeGvEWNS3/Rd4dk3dPyufUKZMY3cHHg==",
      "requires": {
        "axios": "^0.18.0",
        "blueimp-md5": "^2.10.0",
        "eventemitter3": "^3.1.0"
      }
    },
    "axios": {
      "version": "0.18.0",
      "resolved": "https://registry.npmjs.org/axios/-/axios-0.18.0.tgz",
      "integrity": "sha1-MtU+SFHv3AoRmTts0AB4nXDAUQI=",
      "requires": {
        "follow-redirects": "^1.3.0",
        "is-buffer": "^1.1.5"
      }
    },
    "blueimp-md5": {
      "version": "2.10.0",
      "resolved": "https://registry.npmjs.org/blueimp-md5/-/blueimp-md5-2.10.0.tgz",
      "integrity": "sha512-EkNUOi7tpV68TqjpiUz9D9NcT8um2+qtgntmMbi5UKssVX2m/2PLqotcric0RE63pB3HPN/fjf3cKHN2ufGSUQ=="
    },
    "debug": {
      "version": "3.2.6",
      "resolved": "https://registry.npmjs.org/debug/-/debug-3.2.6.tgz",
      "integrity": "sha512-mel+jf7nrtEl5Pn1Qx46zARXKDpBbvzezse7p7LqINmdoIk8PYP5SySaxEmYv6TZ0JyEKA1hsCId6DIhgITtWQ==",
      "requires": {
        "ms": "^2.1.1"
      }
    },
    "eventemitter3": {
      "version": "3.1.0",
      "resolved": "https://registry.npmjs.org/eventemitter3/-/eventemitter3-3.1.0.tgz",
      "integrity": "sha512-ivIvhpq/Y0uSjcHDcOIccjmYjGLcP09MFGE7ysAwkAvkXfpZlC985pH2/ui64DKazbTW/4kN3yqozUxlXzI6cA=="
    },
    "follow-redirects": {
      "version": "1.7.0",
      "resolved": "https://registry.npmjs.org/follow-redirects/-/follow-redirects-1.7.0.tgz",
      "integrity": "sha512-m/pZQy4Gj287eNy94nivy5wchN3Kp+Q5WgUPNy5lJSZ3sgkVKSYV/ZChMAQVIgx1SqfZ2zBZtPA2YlXIWxxJOQ==",
      "requires": {
        "debug": "^3.2.6"
      }
    },
    "is-buffer": {
      "version": "1.1.6",
      "resolved": "https://registry.npmjs.org/is-buffer/-/is-buffer-1.1.6.tgz",
      "integrity": "sha512-NcdALwpXkTm5Zvvbk7owOUSvVvBKDgKP5/ewfXEznmQFfs4ZRmanOeKBTjRVjka3QFoN6XJ+9F3USqfHqTaU5w=="
    },
    "ms": {
      "version": "2.1.1",
      "resolved": "https://registry.npmjs.org/ms/-/ms-2.1.1.tgz",
      "integrity": "sha512-tgp+dl5cGk28utYktBsrFqA7HKgrhgPsg6Z/EfhWI4gl1Hwq8B/GmY/0oXZ6nF8hDVesS/FpnYaD/kOWhYQvyg=="
    }
  }
}
